// !$*UTF8*$!
{
	archiveVersion = 1;
	classes = {
	};
	objectVersion = 46;
	objects = {

/* Begin PBXBuildFile section */
		524640E2184569F200D0A046 /* LSCTableViewModels.m in Sources */ = {isa = PBXBuildFile; fileRef = 524640DD184569F200D0A046 /* LSCTableViewModels.m */; };
		524640E3184569F200D0A046 /* LSCTableView.m in Sources */ = {isa = PBXBuildFile; fileRef = 524640DF184569F200D0A046 /* LSCTableView.m */; };
		524640E4184569F200D0A046 /* LSCTableViewCell.m in Sources */ = {isa = PBXBuildFile; fileRef = 524640E1184569F200D0A046 /* LSCTableViewCell.m */; };
		529E6C3D1811FB5A00A67A0B /* Foundation.framework in Frameworks */ = {isa = PBXBuildFile; fileRef = 529E6C3C1811FB5A00A67A0B /* Foundation.framework */; };
		529E6C3F1811FB5A00A67A0B /* CoreGraphics.framework in Frameworks */ = {isa = PBXBuildFile; fileRef = 529E6C3E1811FB5A00A67A0B /* CoreGraphics.framework */; };
		529E6C411811FB5A00A67A0B /* UIKit.framework in Frameworks */ = {isa = PBXBuildFile; fileRef = 529E6C401811FB5A00A67A0B /* UIKit.framework */; };
		529E6C471811FB5A00A67A0B /* InfoPlist.strings in Resources */ = {isa = PBXBuildFile; fileRef = 529E6C451811FB5A00A67A0B /* InfoPlist.strings */; };
		529E6C491811FB5A00A67A0B /* main.m in Sources */ = {isa = PBXBuildFile; fileRef = 529E6C481811FB5A00A67A0B /* main.m */; };
		529E6C4D1811FB5A00A67A0B /* LSCAppDelegate.m in Sources */ = {isa = PBXBuildFile; fileRef = 529E6C4C1811FB5A00A67A0B /* LSCAppDelegate.m */; };
		529E6C561811FB5A00A67A0B /* LSCViewController.m in Sources */ = {isa = PBXBuildFile; fileRef = 529E6C551811FB5A00A67A0B /* LSCViewController.m */; };
		529E6C581811FB5A00A67A0B /* Images.xcassets in Resources */ = {isa = PBXBuildFile; fileRef = 529E6C571811FB5A00A67A0B /* Images.xcassets */; };
		529E6C5F1811FB5A00A67A0B /* XCTest.framework in Frameworks */ = {isa = PBXBuildFile; fileRef = 529E6C5E1811FB5A00A67A0B /* XCTest.framework */; };
		529E6C601811FB5A00A67A0B /* Foundation.framework in Frameworks */ = {isa = PBXBuildFile; fileRef = 529E6C3C1811FB5A00A67A0B /* Foundation.framework */; };
		529E6C611811FB5A00A67A0B /* UIKit.framework in Frameworks */ = {isa = PBXBuildFile; fileRef = 529E6C401811FB5A00A67A0B /* UIKit.framework */; };
/* End PBXBuildFile section */

/* Begin PBXContainerItemProxy section */
		529E6C621811FB5A00A67A0B /* PBXContainerItemProxy */ = {
			isa = PBXContainerItemProxy;
			containerPortal = 529E6C311811FB5A00A67A0B /* Project object */;
			proxyType = 1;
			remoteGlobalIDString = 529E6C381811FB5A00A67A0B;
			remoteInfo = LSCTableViewDemo;
		};
/* End PBXContainerItemProxy section */

/* Begin PBXFileReference section */
		524640DC184569F200D0A046 /* LSCTableViewModels.h */ = {isa = PBXFileReference; fileEncoding = 4; lastKnownFileType = sourcecode.c.h; path = LSCTableViewModels.h; sourceTree = "<group>"; };
		524640DD184569F200D0A046 /* LSCTableViewModels.m */ = {isa = PBXFileReference; fileEncoding = 4; lastKnownFileType = sourcecode.c.objc; path = LSCTableViewModels.m; sourceTree = "<group>"; };
		524640DE184569F200D0A046 /* LSCTableView.h */ = {isa = PBXFileReference; fileEncoding = 4; lastKnownFileType = sourcecode.c.h; path = LSCTableView.h; sourceTree = "<group>"; };
		524640DF184569F200D0A046 /* LSCTableView.m */ = {isa = PBXFileReference; fileEncoding = 4; lastKnownFileType = sourcecode.c.objc; path = LSCTableView.m; sourceTree = "<group>"; };
		524640E0184569F200D0A046 /* LSCTableViewCell.h */ = {isa = PBXFileReference; fileEncoding = 4; lastKnownFileType = sourcecode.c.h; path = LSCTableViewCell.h; sourceTree = "<group>"; };
		524640E1184569F200D0A046 /* LSCTableViewCell.m */ = {isa = PBXFileReference; fileEncoding = 4; lastKnownFileType = sourcecode.c.objc; path = LSCTableViewCell.m; sourceTree = "<group>"; };
		529E6C391811FB5A00A67A0B /* LSCTableViewDemo.app */ = {isa = PBXFileReference; explicitFileType = wrapper.application; includeInIndex = 0; path = LSCTableViewDemo.app; sourceTree = BUILT_PRODUCTS_DIR; };
		529E6C3C1811FB5A00A67A0B /* Foundation.framework */ = {isa = PBXFileReference; lastKnownFileType = wrapper.framework; name = Foundation.framework; path = System/Library/Frameworks/Foundation.framework; sourceTree = SDKROOT; };
		529E6C3E1811FB5A00A67A0B /* CoreGraphics.framework */ = {isa = PBXFileReference; lastKnownFileType = wrapper.framework; name = CoreGraphics.framework; path = System/Library/Frameworks/CoreGraphics.framework; sourceTree = SDKROOT; };
		529E6C401811FB5A00A67A0B /* UIKit.framework */ = {isa = PBXFileReference; lastKnownFileType = wrapper.framework; name = UIKit.framework; path = System/Library/Frameworks/UIKit.framework; sourceTree = SDKROOT; };
		529E6C441811FB5A00A67A0B /* LSCTableViewDemo-Info.plist */ = {isa = PBXFileReference; lastKnownFileType = text.plist.xml; path = "LSCTableViewDemo-Info.plist"; sourceTree = "<group>"; };
		529E6C461811FB5A00A67A0B /* en */ = {isa = PBXFileReference; lastKnownFileType = text.plist.strings; name = en; path = en.lproj/InfoPlist.strings; sourceTree = "<group>"; };
		529E6C481811FB5A00A67A0B /* main.m */ = {isa = PBXFileReference; lastKnownFileType = sourcecode.c.objc; path = main.m; sourceTree = "<group>"; };
		529E6C4A1811FB5A00A67A0B /* LSCTableViewDemo-Prefix.pch */ = {isa = PBXFileReference; lastKnownFileType = sourcecode.c.h; path = "LSCTableViewDemo-Prefix.pch"; sourceTree = "<group>"; };
		529E6C4B1811FB5A00A67A0B /* LSCAppDelegate.h */ = {isa = PBXFileReference; lastKnownFileType = sourcecode.c.h; path = LSCAppDelegate.h; sourceTree = "<group>"; };
		529E6C4C1811FB5A00A67A0B /* LSCAppDelegate.m */ = {isa = PBXFileReference; lastKnownFileType = sourcecode.c.objc; path = LSCAppDelegate.m; sourceTree = "<group>"; };
		529E6C541811FB5A00A67A0B /* LSCViewController.h */ = {isa = PBXFileReference; lastKnownFileType = sourcecode.c.h; name = LSCViewController.h; path = LSCTableViewDemo/LSCViewController.h; sourceTree = SOURCE_ROOT; };
		529E6C551811FB5A00A67A0B /* LSCViewController.m */ = {isa = PBXFileReference; lastKnownFileType = sourcecode.c.objc; name = LSCViewController.m; path = LSCTableViewDemo/LSCViewController.m; sourceTree = SOURCE_ROOT; };
		529E6C571811FB5A00A67A0B /* Images.xcassets */ = {isa = PBXFileReference; lastKnownFileType = folder.assetcatalog; path = Images.xcassets; sourceTree = "<group>"; };
		529E6C5D1811FB5A00A67A0B /* LSCTableViewDemoTests.xctest */ = {isa = PBXFileReference; explicitFileType = wrapper.cfbundle; includeInIndex = 0; path = LSCTableViewDemoTests.xctest; sourceTree = BUILT_PRODUCTS_DIR; };
		529E6C5E1811FB5A00A67A0B /* XCTest.framework */ = {isa = PBXFileReference; lastKnownFileType = wrapper.framework; name = XCTest.framework; path = Library/Frameworks/XCTest.framework; sourceTree = DEVELOPER_DIR; };
/* End PBXFileReference section */

/* Begin PBXFrameworksBuildPhase section */
		529E6C361811FB5A00A67A0B /* Frameworks */ = {
			isa = PBXFrameworksBuildPhase;
			buildActionMask = 2147483647;
			files = (
				529E6C3F1811FB5A00A67A0B /* CoreGraphics.framework in Frameworks */,
				529E6C411811FB5A00A67A0B /* UIKit.framework in Frameworks */,
				529E6C3D1811FB5A00A67A0B /* Foundation.framework in Frameworks */,
			);
			runOnlyForDeploymentPostprocessing = 0;
		};
		529E6C5A1811FB5A00A67A0B /* Frameworks */ = {
			isa = PBXFrameworksBuildPhase;
			buildActionMask = 2147483647;
			files = (
				529E6C5F1811FB5A00A67A0B /* XCTest.framework in Frameworks */,
				529E6C611811FB5A00A67A0B /* UIKit.framework in Frameworks */,
				529E6C601811FB5A00A67A0B /* Foundation.framework in Frameworks */,
			);
			runOnlyForDeploymentPostprocessing = 0;
		};
/* End PBXFrameworksBuildPhase section */

/* Begin PBXGroup section */
		524640DA184569F200D0A046 /* LSCTableView */ = {
			isa = PBXGroup;
			children = (
				524640DB184569F200D0A046 /* Internal */,
				524640DE184569F200D0A046 /* LSCTableView.h */,
				524640DF184569F200D0A046 /* LSCTableView.m */,
				524640E0184569F200D0A046 /* LSCTableViewCell.h */,
				524640E1184569F200D0A046 /* LSCTableViewCell.m */,
			);
			path = LSCTableView;
			sourceTree = SOURCE_ROOT;
		};
		524640DB184569F200D0A046 /* Internal */ = {
			isa = PBXGroup;
			children = (
				524640DC184569F200D0A046 /* LSCTableViewModels.h */,
				524640DD184569F200D0A046 /* LSCTableViewModels.m */,
			);
			path = Internal;
			sourceTree = "<group>";
		};
		529E6C301811FB5A00A67A0B = {
			isa = PBXGroup;
			children = (
				529E6C421811FB5A00A67A0B /* LSCTableViewDemo */,
				529E6C3B1811FB5A00A67A0B /* Frameworks */,
				529E6C3A1811FB5A00A67A0B /* Products */,
			);
			sourceTree = "<group>";
		};
		529E6C3A1811FB5A00A67A0B /* Products */ = {
			isa = PBXGroup;
			children = (
				529E6C391811FB5A00A67A0B /* LSCTableViewDemo.app */,
				529E6C5D1811FB5A00A67A0B /* LSCTableViewDemoTests.xctest */,
			);
			name = Products;
			sourceTree = "<group>";
		};
		529E6C3B1811FB5A00A67A0B /* Frameworks */ = {
			isa = PBXGroup;
			children = (
				529E6C3C1811FB5A00A67A0B /* Foundation.framework */,
				529E6C3E1811FB5A00A67A0B /* CoreGraphics.framework */,
				529E6C401811FB5A00A67A0B /* UIKit.framework */,
				529E6C5E1811FB5A00A67A0B /* XCTest.framework */,
			);
			name = Frameworks;
			sourceTree = "<group>";
		};
		529E6C421811FB5A00A67A0B /* LSCTableViewDemo */ = {
			isa = PBXGroup;
			children = (
				524640DA184569F200D0A046 /* LSCTableView */,
				529E6C541811FB5A00A67A0B /* LSCViewController.h */,
				529E6C551811FB5A00A67A0B /* LSCViewController.m */,
				529E6C4B1811FB5A00A67A0B /* LSCAppDelegate.h */,
				529E6C4C1811FB5A00A67A0B /* LSCAppDelegate.m */,
				529E6C571811FB5A00A67A0B /* Images.xcassets */,
				529E6C431811FB5A00A67A0B /* Supporting Files */,
			);
			path = LSCTableViewDemo;
			sourceTree = "<group>";
		};
		529E6C431811FB5A00A67A0B /* Supporting Files */ = {
			isa = PBXGroup;
			children = (
				529E6C441811FB5A00A67A0B /* LSCTableViewDemo-Info.plist */,
				529E6C451811FB5A00A67A0B /* InfoPlist.strings */,
				529E6C481811FB5A00A67A0B /* main.m */,
				529E6C4A1811FB5A00A67A0B /* LSCTableViewDemo-Prefix.pch */,
			);
			name = "Supporting Files";
			sourceTree = "<group>";
		};
/* End PBXGroup section */

/* Begin PBXNativeTarget section */
		529E6C381811FB5A00A67A0B /* LSCTableViewDemo */ = {
			isa = PBXNativeTarget;
			buildConfigurationList = 529E6C6E1811FB5A00A67A0B /* Build configuration list for PBXNativeTarget "LSCTableViewDemo" */;
			buildPhases = (
				529E6C351811FB5A00A67A0B /* Sources */,
				529E6C361811FB5A00A67A0B /* Frameworks */,
				529E6C371811FB5A00A67A0B /* Resources */,
			);
			buildRules = (
			);
			dependencies = (
			);
			name = LSCTableViewDemo;
			productName = LSCTableViewDemo;
			productReference = 529E6C391811FB5A00A67A0B /* LSCTableViewDemo.app */;
			productType = "com.apple.product-type.application";
		};
		529E6C5C1811FB5A00A67A0B /* LSCTableViewDemoTests */ = {
			isa = PBXNativeTarget;
			buildConfigurationList = 529E6C711811FB5A00A67A0B /* Build configuration list for PBXNativeTarget "LSCTableViewDemoTests" */;
			buildPhases = (
				529E6C591811FB5A00A67A0B /* Sources */,
				529E6C5A1811FB5A00A67A0B /* Frameworks */,
				529E6C5B1811FB5A00A67A0B /* Resources */,
			);
			buildRules = (
			);
			dependencies = (
				529E6C631811FB5A00A67A0B /* PBXTargetDependency */,
			);
			name = LSCTableViewDemoTests;
			productName = LSCTableViewDemoTests;
			productReference = 529E6C5D1811FB5A00A67A0B /* LSCTableViewDemoTests.xctest */;
			productType = "com.apple.product-type.bundle.unit-test";
		};
/* End PBXNativeTarget section */

/* Begin PBXProject section */
		529E6C311811FB5A00A67A0B /* Project object */ = {
			isa = PBXProject;
			attributes = {
				CLASSPREFIX = LSC;
				LastUpgradeCheck = 0500;
				ORGANIZATIONNAME = LivingSocial;
				TargetAttributes = {
					529E6C5C1811FB5A00A67A0B = {
						TestTargetID = 529E6C381811FB5A00A67A0B;
					};
				};
			};
			buildConfigurationList = 529E6C341811FB5A00A67A0B /* Build configuration list for PBXProject "LSCTableViewDemo" */;
			compatibilityVersion = "Xcode 3.2";
			developmentRegion = English;
			hasScannedForEncodings = 0;
			knownRegions = (
				en,
				Base,
			);
			mainGroup = 529E6C301811FB5A00A67A0B;
			productRefGroup = 529E6C3A1811FB5A00A67A0B /* Products */;
			projectDirPath = "";
			projectRoot = "";
			targets = (
				529E6C381811FB5A00A67A0B /* LSCTableViewDemo */,
				529E6C5C1811FB5A00A67A0B /* LSCTableViewDemoTests */,
			);
		};
/* End PBXProject section */

/* Begin PBXResourcesBuildPhase section */
		529E6C371811FB5A00A67A0B /* Resources */ = {
			isa = PBXResourcesBuildPhase;
			buildActionMask = 2147483647;
			files = (
				529E6C581811FB5A00A67A0B /* Images.xcassets in Resources */,
				529E6C471811FB5A00A67A0B /* InfoPlist.strings in Resources */,
			);
			runOnlyForDeploymentPostprocessing = 0;
		};
		529E6C5B1811FB5A00A67A0B /* Resources */ = {
			isa = PBXResourcesBuildPhase;
			buildActionMask = 2147483647;
			files = (
			);
			runOnlyForDeploymentPostprocessing = 0;
		};
/* End PBXResourcesBuildPhase section */

/* Begin PBXSourcesBuildPhase section */
		529E6C351811FB5A00A67A0B /* Sources */ = {
			isa = PBXSourcesBuildPhase;
			buildActionMask = 2147483647;
			files = (
				524640E4184569F200D0A046 /* LSCTableViewCell.m in Sources */,
				524640E2184569F200D0A046 /* LSCTableViewModels.m in Sources */,
				529E6C491811FB5A00A67A0B /* main.m in Sources */,
				529E6C561811FB5A00A67A0B /* LSCViewController.m in Sources */,
				524640E3184569F200D0A046 /* LSCTableView.m in Sources */,
				529E6C4D1811FB5A00A67A0B /* LSCAppDelegate.m in Sources */,
			);
			runOnlyForDeploymentPostprocessing = 0;
		};
		529E6C591811FB5A00A67A0B /* Sources */ = {
			isa = PBXSourcesBuildPhase;
			buildActionMask = 2147483647;
			files = (
			);
			runOnlyForDeploymentPostprocessing = 0;
		};
/* End PBXSourcesBuildPhase section */

/* Begin PBXTargetDependency section */
		529E6C631811FB5A00A67A0B /* PBXTargetDependency */ = {
			isa = PBXTargetDependency;
			target = 529E6C381811FB5A00A67A0B /* LSCTableViewDemo */;
			targetProxy = 529E6C621811FB5A00A67A0B /* PBXContainerItemProxy */;
		};
/* End PBXTargetDependency section */

/* Begin PBXVariantGroup section */
		529E6C451811FB5A00A67A0B /* InfoPlist.strings */ = {
			isa = PBXVariantGroup;
			children = (
				529E6C461811FB5A00A67A0B /* en */,
			);
			name = InfoPlist.strings;
			sourceTree = "<group>";
		};
/* End PBXVariantGroup section */

/* Begin XCBuildConfiguration section */
		529E6C6C1811FB5A00A67A0B /* Debug */ = {
			isa = XCBuildConfiguration;
			buildSettings = {
				ALWAYS_SEARCH_USER_PATHS = NO;
				ARCHS = "$(ARCHS_STANDARD_INCLUDING_64_BIT)";
				CLANG_CXX_LANGUAGE_STANDARD = "gnu++0x";
				CLANG_CXX_LIBRARY = "libc++";
				CLANG_ENABLE_MODULES = YES;
				CLANG_ENABLE_OBJC_ARC = YES;
				CLANG_WARN_BOOL_CONVERSION = YES;
				CLANG_WARN_CONSTANT_CONVERSION = YES;
				CLANG_WARN_DIRECT_OBJC_ISA_USAGE = YES_ERROR;
				CLANG_WARN_EMPTY_BODY = YES;
				CLANG_WARN_ENUM_CONVERSION = YES;
				CLANG_WARN_INT_CONVERSION = YES;
				CLANG_WARN_OBJC_ROOT_CLASS = YES_ERROR;
				CLANG_WARN__DUPLICATE_METHOD_MATCH = YES;
				"CODE_SIGN_IDENTITY[sdk=iphoneos*]" = "iPhone Developer";
				COPY_PHASE_STRIP = NO;
				GCC_C_LANGUAGE_STANDARD = gnu99;
				GCC_DYNAMIC_NO_PIC = NO;
				GCC_OPTIMIZATION_LEVEL = 0;
				GCC_PREPROCESSOR_DEFINITIONS = (
					"DEBUG=1",
					"$(inherited)",
				);
				GCC_SYMBOLS_PRIVATE_EXTERN = NO;
				GCC_WARN_64_TO_32_BIT_CONVERSION = YES;
				GCC_WARN_ABOUT_RETURN_TYPE = YES_ERROR;
				GCC_WARN_UNDECLARED_SELECTOR = YES;
				GCC_WARN_UNINITIALIZED_AUTOS = YES;
				GCC_WARN_UNUSED_FUNCTION = YES;
				GCC_WARN_UNUSED_VARIABLE = YES;
				IPHONEOS_DEPLOYMENT_TARGET = 7.0;
				ONLY_ACTIVE_ARCH = YES;
				SDKROOT = iphoneos;
				TARGETED_DEVICE_FAMILY = "1,2";
			};
			name = Debug;
		};
		529E6C6D1811FB5A00A67A0B /* Release */ = {
			isa = XCBuildConfiguration;
			buildSettings = {
				ALWAYS_SEARCH_USER_PATHS = NO;
				ARCHS = "$(ARCHS_STANDARD_INCLUDING_64_BIT)";
				CLANG_CXX_LANGUAGE_STANDARD = "gnu++0x";
				CLANG_CXX_LIBRARY = "libc++";
				CLANG_ENABLE_MODULES = YES;
				CLANG_ENABLE_OBJC_ARC = YES;
				CLANG_WARN_BOOL_CONVERSION = YES;
				CLANG_WARN_CONSTANT_CONVERSION = YES;
				CLANG_WARN_DIRECT_OBJC_ISA_USAGE = YES_ERROR;
				CLANG_WARN_EMPTY_BODY = YES;
				CLANG_WARN_ENUM_CONVERSION = YES;
				CLANG_WARN_INT_CONVERSION = YES;
				CLANG_WARN_OBJC_ROOT_CLASS = YES_ERROR;
				CLANG_WARN__DUPLICATE_METHOD_MATCH = YES;
				"CODE_SIGN_IDENTITY[sdk=iphoneos*]" = "iPhone Developer";
				COPY_PHASE_STRIP = YES;
				ENABLE_NS_ASSERTIONS = NO;
				GCC_C_LANGUAGE_STANDARD = gnu99;
				GCC_WARN_64_TO_32_BIT_CONVERSION = YES;
				GCC_WARN_ABOUT_RETURN_TYPE = YES_ERROR;
				GCC_WARN_UNDECLARED_SELECTOR = YES;
				GCC_WARN_UNINITIALIZED_AUTOS = YES;
				GCC_WARN_UNUSED_FUNCTION = YES;
				GCC_WARN_UNUSED_VARIABLE = YES;
				IPHONEOS_DEPLOYMENT_TARGET = 7.0;
				SDKROOT = iphoneos;
				TARGETED_DEVICE_FAMILY = "1,2";
				VALIDATE_PRODUCT = YES;
			};
			name = Release;
		};
		529E6C6F1811FB5A00A67A0B /* Debug */ = {
			isa = XCBuildConfiguration;
			buildSettings = {
				ASSETCATALOG_COMPILER_APPICON_NAME = AppIcon;
				ASSETCATALOG_COMPILER_LAUNCHIMAGE_NAME = LaunchImage;
				GCC_PRECOMPILE_PREFIX_HEADER = YES;
				GCC_PREFIX_HEADER = "LSCTableViewDemo/LSCTableViewDemo-Prefix.pch";
				INFOPLIST_FILE = "LSCTableViewDemo/LSCTableViewDemo-Info.plist";
				PRODUCT_NAME = "$(TARGET_NAME)";
				WRAPPER_EXTENSION = app;
			};
			name = Debug;
		};
		529E6C701811FB5A00A67A0B /* Release */ = {
			isa = XCBuildConfiguration;
			buildSettings = {
				ASSETCATALOG_COMPILER_APPICON_NAME = AppIcon;
				ASSETCATALOG_COMPILER_LAUNCHIMAGE_NAME = LaunchImage;
				GCC_PRECOMPILE_PREFIX_HEADER = YES;
				GCC_PREFIX_HEADER = "LSCTableViewDemo/LSCTableViewDemo-Prefix.pch";
				INFOPLIST_FILE = "LSCTableViewDemo/LSCTableViewDemo-Info.plist";
				PRODUCT_NAME = "$(TARGET_NAME)";
				WRAPPER_EXTENSION = app;
			};
			name = Release;
		};
		529E6C721811FB5A00A67A0B /* Debug */ = {
			isa = XCBuildConfiguration;
			buildSettings = {
				ARCHS = "$(ARCHS_STANDARD_INCLUDING_64_BIT)";
				BUNDLE_LOADER = "$(BUILT_PRODUCTS_DIR)/LSCTableViewDemo.app/LSCTableViewDemo";
				FRAMEWORK_SEARCH_PATHS = (
					"$(SDKROOT)/Developer/Library/Frameworks",
					"$(inherited)",
					"$(DEVELOPER_FRAMEWORKS_DIR)",
				);
				GCC_PRECOMPILE_PREFIX_HEADER = YES;
				GCC_PREFIX_HEADER = "LSCTableViewDemo/LSCTableViewDemo-Prefix.pch";
				GCC_PREPROCESSOR_DEFINITIONS = (
					"DEBUG=1",
					"$(inherited)",
				);
				INFOPLIST_FILE = "LSCTableViewDemoTests/LSCTableViewDemoTests-Info.plist";
				PRODUCT_NAME = "$(TARGET_NAME)";
				TEST_HOST = "$(BUNDLE_LOADER)";
				WRAPPER_EXTENSION = xctest;
			};
			name = Debug;
		};
		529E6C731811FB5A00A67A0B /* Release */ = {
			isa = XCBuildConfiguration;
			buildSettings = {
				ARCHS = "$(ARCHS_STANDARD_INCLUDING_64_BIT)";
				BUNDLE_LOADER = "$(BUILT_PRODUCTS_DIR)/LSCTableViewDemo.app/LSCTableViewDemo";
				FRAMEWORK_SEARCH_PATHS = (
					"$(SDKROOT)/Developer/Library/Frameworks",
					"$(inherited)",
					"$(DEVELOPER_FRAMEWORKS_DIR)",
				);
				GCC_PRECOMPILE_PREFIX_HEADER = YES;
				GCC_PREFIX_HEADER = "LSCTableViewDemo/LSCTableViewDemo-Prefix.pch";
				INFOPLIST_FILE = "LSCTableViewDemoTests/LSCTableViewDemoTests-Info.plist";
				PRODUCT_NAME = "$(TARGET_NAME)";
				TEST_HOST = "$(BUNDLE_LOADER)";
				WRAPPER_EXTENSION = xctest;
			};
			name = Release;
		};
/* End XCBuildConfiguration section */

/* Begin XCConfigurationList section */
		529E6C341811FB5A00A67A0B /* Build configuration list for PBXProject "LSCTableViewDemo" */ = {
			isa = XCConfigurationList;
			buildConfigurations = (
				529E6C6C1811FB5A00A67A0B /* Debug */,
				529E6C6D1811FB5A00A67A0B /* Release */,
			);
			defaultConfigurationIsVisible = 0;
			defaultConfigurationName = Release;
		};
		529E6C6E1811FB5A00A67A0B /* Build configuration list for PBXNativeTarget "LSCTableViewDemo" */ = {
			isa = XCConfigurationList;
			buildConfigurations = (
				529E6C6F1811FB5A00A67A0B /* Debug */,
				529E6C701811FB5A00A67A0B /* Release */,
			);
			defaultConfigurationIsVisible = 0;
			defaultConfigurationName = Release;
		};
		529E6C711811FB5A00A67A0B /* Build configuration list for PBXNativeTarget "LSCTableViewDemoTests" */ = {
			isa = XCConfigurationList;
			buildConfigurations = (
				529E6C721811FB5A00A67A0B /* Debug */,
				529E6C731811FB5A00A67A0B /* Release */,
			);
			defaultConfigurationIsVisible = 0;
			defaultConfigurationName = Release;
		};
/* End XCConfigurationList section */
	};
	rootObject = 529E6C311811FB5A00A67A0B /* Project object */;
}
